// !$*UTF8*$!
{
	archiveVersion = 1;
	classes = {
	};
	objectVersion = 56;
	objects = {

/* Begin PBXBuildFile section */
		617D1DFA2B846B1E00A1B30A /* Assets.xcassets in Resources */ = {isa = PBXBuildFile; fileRef = 617D1DF92B846B1E00A1B30A /* Assets.xcassets */; };
		617D1E032B84761600A1B30A /* BaseButton.swift in Sources */ = {isa = PBXBuildFile; fileRef = 617D1E022B84761600A1B30A /* BaseButton.swift */; };
		617D1E052B8476C400A1B30A /* View+ViewModifiers.swift in Sources */ = {isa = PBXBuildFile; fileRef = 617D1E042B8476C400A1B30A /* View+ViewModifiers.swift */; };
		61810FF62B84632C00F62C21 /* Poppins-BoldItalic.ttf in Resources */ = {isa = PBXBuildFile; fileRef = 61810FF02B84632B00F62C21 /* Poppins-BoldItalic.ttf */; };
		61810FF72B84632C00F62C21 /* Poppins-Regular.ttf in Resources */ = {isa = PBXBuildFile; fileRef = 61810FF12B84632B00F62C21 /* Poppins-Regular.ttf */; };
		61810FF82B84632C00F62C21 /* Poppins-SemiBold.ttf in Resources */ = {isa = PBXBuildFile; fileRef = 61810FF22B84632B00F62C21 /* Poppins-SemiBold.ttf */; };
		61810FF92B84632C00F62C21 /* Poppins-SemiBoldItalic.ttf in Resources */ = {isa = PBXBuildFile; fileRef = 61810FF32B84632B00F62C21 /* Poppins-SemiBoldItalic.ttf */; };
		61810FFA2B84632C00F62C21 /* Poppins-RegularItalic.ttf in Resources */ = {isa = PBXBuildFile; fileRef = 61810FF42B84632C00F62C21 /* Poppins-RegularItalic.ttf */; };
		61810FFB2B84632C00F62C21 /* Poppins-Bold.ttf in Resources */ = {isa = PBXBuildFile; fileRef = 61810FF52B84632C00F62C21 /* Poppins-Bold.ttf */; };
		618890342B8308D800A4BC2A /* Heimdall_Kit.docc in Sources */ = {isa = PBXBuildFile; fileRef = 618890332B8308D800A4BC2A /* Heimdall_Kit.docc */; };
		6188903A2B8308D900A4BC2A /* Heimdall_Kit.framework in Frameworks */ = {isa = PBXBuildFile; fileRef = 6188902F2B8308D800A4BC2A /* Heimdall_Kit.framework */; };
		6188903F2B8308D900A4BC2A /* Heimdall_KitTests.swift in Sources */ = {isa = PBXBuildFile; fileRef = 6188903E2B8308D900A4BC2A /* Heimdall_KitTests.swift */; };
		618890402B8308D900A4BC2A /* Heimdall_Kit.h in Headers */ = {isa = PBXBuildFile; fileRef = 618890322B8308D800A4BC2A /* Heimdall_Kit.h */; settings = {ATTRIBUTES = (Public, ); }; };
		61CE69A42B86B1DD00AB83D7 /* Image+Ext.swift in Sources */ = {isa = PBXBuildFile; fileRef = 61CE69A32B86B1DD00AB83D7 /* Image+Ext.swift */; };
		61CE69A72B86B33400AB83D7 /* WithTextStyle.swift in Sources */ = {isa = PBXBuildFile; fileRef = 61CE69A62B86B33400AB83D7 /* WithTextStyle.swift */; };
		61CE69A92B86B35200AB83D7 /* WithLabelColorScheme.swift in Sources */ = {isa = PBXBuildFile; fileRef = 61CE69A82B86B35200AB83D7 /* WithLabelColorScheme.swift */; };
		61CE69AB2B86B37000AB83D7 /* WithSymbol.swift in Sources */ = {isa = PBXBuildFile; fileRef = 61CE69AA2B86B37000AB83D7 /* WithSymbol.swift */; };
		61CE69B02B86ED5600AB83D7 /* BaseContentView.swift in Sources */ = {isa = PBXBuildFile; fileRef = 61CE69AF2B86ED5600AB83D7 /* BaseContentView.swift */; };
		61CE69B22B86EE2E00AB83D7 /* BaseImageView.swift in Sources */ = {isa = PBXBuildFile; fileRef = 61CE69B12B86EE2E00AB83D7 /* BaseImageView.swift */; };
		61CE69B42B86EF7300AB83D7 /* CentralItemView.swift in Sources */ = {isa = PBXBuildFile; fileRef = 61CE69B32B86EF7300AB83D7 /* CentralItemView.swift */; };
		61CE69DB2B86F56500AB83D7 /* BaseSection.swift in Sources */ = {isa = PBXBuildFile; fileRef = 61CE69DA2B86F56500AB83D7 /* BaseSection.swift */; };
		61CE69DD2B86F77600AB83D7 /* BaseSpacer.swift in Sources */ = {isa = PBXBuildFile; fileRef = 61CE69DC2B86F77600AB83D7 /* BaseSpacer.swift */; };
		61CE69DF2B86FC3600AB83D7 /* BaseSidebar.swift in Sources */ = {isa = PBXBuildFile; fileRef = 61CE69DE2B86FC3600AB83D7 /* BaseSidebar.swift */; };
		61CE69E12B87005A00AB83D7 /* BaseHStack.swift in Sources */ = {isa = PBXBuildFile; fileRef = 61CE69E02B87005A00AB83D7 /* BaseHStack.swift */; };
		61CE69E42B8703BF00AB83D7 /* BaseSplitView.swift in Sources */ = {isa = PBXBuildFile; fileRef = 61CE69E32B8703BF00AB83D7 /* BaseSplitView.swift */; };
		61F606B02B845866007B8EB3 /* Font+Ext.swift in Sources */ = {isa = PBXBuildFile; fileRef = 61F606AF2B845866007B8EB3 /* Font+Ext.swift */; };
		61F606D92B845CEE007B8EB3 /* BaseLabel.swift in Sources */ = {isa = PBXBuildFile; fileRef = 61F606D82B845CEE007B8EB3 /* BaseLabel.swift */; };
/* End PBXBuildFile section */

/* Begin PBXContainerItemProxy section */
		6188903B2B8308D900A4BC2A /* PBXContainerItemProxy */ = {
			isa = PBXContainerItemProxy;
			containerPortal = 618890262B8308D800A4BC2A /* Project object */;
			proxyType = 1;
			remoteGlobalIDString = 6188902E2B8308D800A4BC2A;
			remoteInfo = "Heimdall-Kit";
		};
/* End PBXContainerItemProxy section */

/* Begin PBXFileReference section */
		617D1DF92B846B1E00A1B30A /* Assets.xcassets */ = {isa = PBXFileReference; lastKnownFileType = folder.assetcatalog; path = Assets.xcassets; sourceTree = "<group>"; };
		617D1E022B84761600A1B30A /* BaseButton.swift */ = {isa = PBXFileReference; lastKnownFileType = sourcecode.swift; path = BaseButton.swift; sourceTree = "<group>"; };
		617D1E042B8476C400A1B30A /* View+ViewModifiers.swift */ = {isa = PBXFileReference; lastKnownFileType = sourcecode.swift; path = "View+ViewModifiers.swift"; sourceTree = "<group>"; };
		61810FF02B84632B00F62C21 /* Poppins-BoldItalic.ttf */ = {isa = PBXFileReference; lastKnownFileType = file; path = "Poppins-BoldItalic.ttf"; sourceTree = "<group>"; };
		61810FF12B84632B00F62C21 /* Poppins-Regular.ttf */ = {isa = PBXFileReference; lastKnownFileType = file; path = "Poppins-Regular.ttf"; sourceTree = "<group>"; };
		61810FF22B84632B00F62C21 /* Poppins-SemiBold.ttf */ = {isa = PBXFileReference; lastKnownFileType = file; path = "Poppins-SemiBold.ttf"; sourceTree = "<group>"; };
		61810FF32B84632B00F62C21 /* Poppins-SemiBoldItalic.ttf */ = {isa = PBXFileReference; lastKnownFileType = file; path = "Poppins-SemiBoldItalic.ttf"; sourceTree = "<group>"; };
		61810FF42B84632C00F62C21 /* Poppins-RegularItalic.ttf */ = {isa = PBXFileReference; lastKnownFileType = file; path = "Poppins-RegularItalic.ttf"; sourceTree = "<group>"; };
		61810FF52B84632C00F62C21 /* Poppins-Bold.ttf */ = {isa = PBXFileReference; lastKnownFileType = file; path = "Poppins-Bold.ttf"; sourceTree = "<group>"; };
		6188902F2B8308D800A4BC2A /* Heimdall_Kit.framework */ = {isa = PBXFileReference; explicitFileType = wrapper.framework; includeInIndex = 0; path = Heimdall_Kit.framework; sourceTree = BUILT_PRODUCTS_DIR; };
		618890322B8308D800A4BC2A /* Heimdall_Kit.h */ = {isa = PBXFileReference; lastKnownFileType = sourcecode.c.h; path = Heimdall_Kit.h; sourceTree = "<group>"; };
		618890332B8308D800A4BC2A /* Heimdall_Kit.docc */ = {isa = PBXFileReference; lastKnownFileType = folder.documentationcatalog; path = Heimdall_Kit.docc; sourceTree = "<group>"; };
		618890392B8308D900A4BC2A /* Heimdall-KitTests.xctest */ = {isa = PBXFileReference; explicitFileType = wrapper.cfbundle; includeInIndex = 0; path = "Heimdall-KitTests.xctest"; sourceTree = BUILT_PRODUCTS_DIR; };
		6188903E2B8308D900A4BC2A /* Heimdall_KitTests.swift */ = {isa = PBXFileReference; lastKnownFileType = sourcecode.swift; path = Heimdall_KitTests.swift; sourceTree = "<group>"; };
		61CE69A32B86B1DD00AB83D7 /* Image+Ext.swift */ = {isa = PBXFileReference; lastKnownFileType = sourcecode.swift; path = "Image+Ext.swift"; sourceTree = "<group>"; };
		61CE69A62B86B33400AB83D7 /* WithTextStyle.swift */ = {isa = PBXFileReference; lastKnownFileType = sourcecode.swift; path = WithTextStyle.swift; sourceTree = "<group>"; };
		61CE69A82B86B35200AB83D7 /* WithLabelColorScheme.swift */ = {isa = PBXFileReference; lastKnownFileType = sourcecode.swift; path = WithLabelColorScheme.swift; sourceTree = "<group>"; };
		61CE69AA2B86B37000AB83D7 /* WithSymbol.swift */ = {isa = PBXFileReference; lastKnownFileType = sourcecode.swift; path = WithSymbol.swift; sourceTree = "<group>"; };
		61CE69AF2B86ED5600AB83D7 /* BaseContentView.swift */ = {isa = PBXFileReference; lastKnownFileType = sourcecode.swift; path = BaseContentView.swift; sourceTree = "<group>"; };
		61CE69B12B86EE2E00AB83D7 /* BaseImageView.swift */ = {isa = PBXFileReference; lastKnownFileType = sourcecode.swift; path = BaseImageView.swift; sourceTree = "<group>"; };
		61CE69B32B86EF7300AB83D7 /* CentralItemView.swift */ = {isa = PBXFileReference; lastKnownFileType = sourcecode.swift; path = CentralItemView.swift; sourceTree = "<group>"; };
		61CE69DA2B86F56500AB83D7 /* BaseSection.swift */ = {isa = PBXFileReference; lastKnownFileType = sourcecode.swift; path = BaseSection.swift; sourceTree = "<group>"; };
		61CE69DC2B86F77600AB83D7 /* BaseSpacer.swift */ = {isa = PBXFileReference; lastKnownFileType = sourcecode.swift; path = BaseSpacer.swift; sourceTree = "<group>"; };
		61CE69DE2B86FC3600AB83D7 /* BaseSidebar.swift */ = {isa = PBXFileReference; lastKnownFileType = sourcecode.swift; path = BaseSidebar.swift; sourceTree = "<group>"; };
		61CE69E02B87005A00AB83D7 /* BaseHStack.swift */ = {isa = PBXFileReference; lastKnownFileType = sourcecode.swift; path = BaseHStack.swift; sourceTree = "<group>"; };
		61CE69E32B8703BF00AB83D7 /* BaseSplitView.swift */ = {isa = PBXFileReference; lastKnownFileType = sourcecode.swift; path = BaseSplitView.swift; sourceTree = "<group>"; };
		61F606AF2B845866007B8EB3 /* Font+Ext.swift */ = {isa = PBXFileReference; lastKnownFileType = sourcecode.swift; path = "Font+Ext.swift"; sourceTree = "<group>"; };
		61F606D82B845CEE007B8EB3 /* BaseLabel.swift */ = {isa = PBXFileReference; lastKnownFileType = sourcecode.swift; path = BaseLabel.swift; sourceTree = "<group>"; };
/* End PBXFileReference section */

/* Begin PBXFrameworksBuildPhase section */
		6188902C2B8308D800A4BC2A /* Frameworks */ = {
			isa = PBXFrameworksBuildPhase;
			buildActionMask = 2147483647;
			files = (
			);
			runOnlyForDeploymentPostprocessing = 0;
		};
		618890362B8308D900A4BC2A /* Frameworks */ = {
			isa = PBXFrameworksBuildPhase;
			buildActionMask = 2147483647;
			files = (
				6188903A2B8308D900A4BC2A /* Heimdall_Kit.framework in Frameworks */,
			);
			runOnlyForDeploymentPostprocessing = 0;
		};
/* End PBXFrameworksBuildPhase section */

/* Begin PBXGroup section */
		617D1E002B84754900A1B30A /* Label */ = {
			isa = PBXGroup;
			children = (
				61F606D82B845CEE007B8EB3 /* BaseLabel.swift */,
			);
			path = Label;
			sourceTree = "<group>";
		};
		617D1E012B84760C00A1B30A /* Buttons */ = {
			isa = PBXGroup;
			children = (
				617D1E022B84761600A1B30A /* BaseButton.swift */,
			);
			path = Buttons;
			sourceTree = "<group>";
		};
		61810FE32B8462F600F62C21 /* Fonts */ = {
			isa = PBXGroup;
			children = (
				61810FF52B84632C00F62C21 /* Poppins-Bold.ttf */,
				61810FF02B84632B00F62C21 /* Poppins-BoldItalic.ttf */,
				61810FF12B84632B00F62C21 /* Poppins-Regular.ttf */,
				61810FF42B84632C00F62C21 /* Poppins-RegularItalic.ttf */,
				61810FF22B84632B00F62C21 /* Poppins-SemiBold.ttf */,
				61810FF32B84632B00F62C21 /* Poppins-SemiBoldItalic.ttf */,
			);
			path = Fonts;
			sourceTree = "<group>";
		};
		618890252B8308D800A4BC2A = {
			isa = PBXGroup;
			children = (
				618890312B8308D800A4BC2A /* Heimdall-Kit */,
				618890302B8308D800A4BC2A /* Products */,
			);
			sourceTree = "<group>";
		};
		618890302B8308D800A4BC2A /* Products */ = {
			isa = PBXGroup;
			children = (
				6188902F2B8308D800A4BC2A /* Heimdall_Kit.framework */,
				618890392B8308D900A4BC2A /* Heimdall-KitTests.xctest */,
			);
			name = Products;
			sourceTree = "<group>";
		};
		618890312B8308D800A4BC2A /* Heimdall-Kit */ = {
			isa = PBXGroup;
			children = (
				618890BA2B830BDF00A4BC2A /* Configuration  */,
				61F606AE2B845833007B8EB3 /* Core */,
				618A40E42B831CE90043B343 /* Resources */,
				61F606D62B845CCF007B8EB3 /* Reusable Components */,
				618890BB2B830BEB00A4BC2A /* Unit Test */,
			);
			path = "Heimdall-Kit";
			sourceTree = "<group>";
		};
		6188903D2B8308D900A4BC2A /* Heimdall-KitTests */ = {
			isa = PBXGroup;
			children = (
				6188903E2B8308D900A4BC2A /* Heimdall_KitTests.swift */,
			);
			path = "Heimdall-KitTests";
			sourceTree = "<group>";
		};
		618890BA2B830BDF00A4BC2A /* Configuration  */ = {
			isa = PBXGroup;
			children = (
				618890322B8308D800A4BC2A /* Heimdall_Kit.h */,
				618890332B8308D800A4BC2A /* Heimdall_Kit.docc */,
			);
			path = "Configuration ";
			sourceTree = "<group>";
		};
		618890BB2B830BEB00A4BC2A /* Unit Test */ = {
			isa = PBXGroup;
			children = (
				6188903D2B8308D900A4BC2A /* Heimdall-KitTests */,
			);
			path = "Unit Test";
			sourceTree = "<group>";
		};
		618A40E42B831CE90043B343 /* Resources */ = {
			isa = PBXGroup;
			children = (
				617D1DF92B846B1E00A1B30A /* Assets.xcassets */,
				61810FE32B8462F600F62C21 /* Fonts */,
			);
			path = Resources;
			sourceTree = "<group>";
		};
		61CE69A52B86B32800AB83D7 /* View Modifiers */ = {
			isa = PBXGroup;
			children = (
				61CE69A62B86B33400AB83D7 /* WithTextStyle.swift */,
				61CE69A82B86B35200AB83D7 /* WithLabelColorScheme.swift */,
				61CE69AA2B86B37000AB83D7 /* WithSymbol.swift */,
			);
			path = "View Modifiers";
			sourceTree = "<group>";
		};
		61CE69AE2B86EBAE00AB83D7 /* Custom */ = {
			isa = PBXGroup;
			children = (
				61CE69E52B8705A000AB83D7 /* Central Sidebar */,
				61CE69E22B8703AA00AB83D7 /* Sidebar */,
			);
			path = Custom;
			sourceTree = "<group>";
		};
		61CE69E22B8703AA00AB83D7 /* Sidebar */ = {
			isa = PBXGroup;
			children = (
				61CE69DE2B86FC3600AB83D7 /* BaseSidebar.swift */,
				61CE69E32B8703BF00AB83D7 /* BaseSplitView.swift */,
			);
			path = Sidebar;
			sourceTree = "<group>";
		};
		61CE69E52B8705A000AB83D7 /* Central Sidebar */ = {
			isa = PBXGroup;
			children = (
				61CE69B32B86EF7300AB83D7 /* CentralItemView.swift */,
			);
			path = "Central Sidebar";
			sourceTree = "<group>";
		};
		61F606AD2B84582B007B8EB3 /* Extensions */ = {
			isa = PBXGroup;
			children = (
				61F606AF2B845866007B8EB3 /* Font+Ext.swift */,
				617D1E042B8476C400A1B30A /* View+ViewModifiers.swift */,
				61CE69A32B86B1DD00AB83D7 /* Image+Ext.swift */,
			);
			path = Extensions;
			sourceTree = "<group>";
		};
		61F606AE2B845833007B8EB3 /* Core */ = {
			isa = PBXGroup;
			children = (
				61CE69A52B86B32800AB83D7 /* View Modifiers */,
				61F606AD2B84582B007B8EB3 /* Extensions */,
			);
			path = Core;
			sourceTree = "<group>";
		};
		61F606D62B845CCF007B8EB3 /* Reusable Components */ = {
			isa = PBXGroup;
			children = (
				61CE69AE2B86EBAE00AB83D7 /* Custom */,
				61F606D72B845CE4007B8EB3 /* Base */,
			);
			path = "Reusable Components";
			sourceTree = "<group>";
		};
		61F606D72B845CE4007B8EB3 /* Base */ = {
			isa = PBXGroup;
			children = (
				617D1E012B84760C00A1B30A /* Buttons */,
				617D1E002B84754900A1B30A /* Label */,
				61CE69AF2B86ED5600AB83D7 /* BaseContentView.swift */,
				61CE69B12B86EE2E00AB83D7 /* BaseImageView.swift */,
				61CE69DA2B86F56500AB83D7 /* BaseSection.swift */,
				61CE69DC2B86F77600AB83D7 /* BaseSpacer.swift */,
				61CE69E02B87005A00AB83D7 /* BaseHStack.swift */,
			);
			path = Base;
			sourceTree = "<group>";
		};
/* End PBXGroup section */

/* Begin PBXHeadersBuildPhase section */
		6188902A2B8308D800A4BC2A /* Headers */ = {
			isa = PBXHeadersBuildPhase;
			buildActionMask = 2147483647;
			files = (
				618890402B8308D900A4BC2A /* Heimdall_Kit.h in Headers */,
			);
			runOnlyForDeploymentPostprocessing = 0;
		};
/* End PBXHeadersBuildPhase section */

/* Begin PBXNativeTarget section */
		6188902E2B8308D800A4BC2A /* Heimdall-Kit */ = {
			isa = PBXNativeTarget;
			buildConfigurationList = 618890432B8308D900A4BC2A /* Build configuration list for PBXNativeTarget "Heimdall-Kit" */;
			buildPhases = (
				6188902A2B8308D800A4BC2A /* Headers */,
				6188902B2B8308D800A4BC2A /* Sources */,
				6188902C2B8308D800A4BC2A /* Frameworks */,
				6188902D2B8308D800A4BC2A /* Resources */,
			);
			buildRules = (
			);
			dependencies = (
			);
			name = "Heimdall-Kit";
			productName = "Heimdall-Kit";
			productReference = 6188902F2B8308D800A4BC2A /* Heimdall_Kit.framework */;
			productType = "com.apple.product-type.framework";
		};
		618890382B8308D900A4BC2A /* Heimdall-KitTests */ = {
			isa = PBXNativeTarget;
			buildConfigurationList = 618890462B8308D900A4BC2A /* Build configuration list for PBXNativeTarget "Heimdall-KitTests" */;
			buildPhases = (
				618890352B8308D900A4BC2A /* Sources */,
				618890362B8308D900A4BC2A /* Frameworks */,
				618890372B8308D900A4BC2A /* Resources */,
			);
			buildRules = (
			);
			dependencies = (
				6188903C2B8308D900A4BC2A /* PBXTargetDependency */,
			);
			name = "Heimdall-KitTests";
			productName = "Heimdall-KitTests";
			productReference = 618890392B8308D900A4BC2A /* Heimdall-KitTests.xctest */;
			productType = "com.apple.product-type.bundle.unit-test";
		};
/* End PBXNativeTarget section */

/* Begin PBXProject section */
		618890262B8308D800A4BC2A /* Project object */ = {
			isa = PBXProject;
			attributes = {
				BuildIndependentTargetsInParallel = 1;
				LastSwiftUpdateCheck = 1520;
				LastUpgradeCheck = 1520;
				TargetAttributes = {
					6188902E2B8308D800A4BC2A = {
						CreatedOnToolsVersion = 15.2;
					};
					618890382B8308D900A4BC2A = {
						CreatedOnToolsVersion = 15.2;
					};
				};
			};
			buildConfigurationList = 618890292B8308D800A4BC2A /* Build configuration list for PBXProject "Heimdall-Kit" */;
			compatibilityVersion = "Xcode 14.0";
			developmentRegion = en;
			hasScannedForEncodings = 0;
			knownRegions = (
				en,
				Base,
			);
			mainGroup = 618890252B8308D800A4BC2A;
			productRefGroup = 618890302B8308D800A4BC2A /* Products */;
			projectDirPath = "";
			projectRoot = "";
			targets = (
				6188902E2B8308D800A4BC2A /* Heimdall-Kit */,
				618890382B8308D900A4BC2A /* Heimdall-KitTests */,
			);
		};
/* End PBXProject section */

/* Begin PBXResourcesBuildPhase section */
		6188902D2B8308D800A4BC2A /* Resources */ = {
			isa = PBXResourcesBuildPhase;
			buildActionMask = 2147483647;
			files = (
				61810FFA2B84632C00F62C21 /* Poppins-RegularItalic.ttf in Resources */,
				61810FFB2B84632C00F62C21 /* Poppins-Bold.ttf in Resources */,
				61810FF82B84632C00F62C21 /* Poppins-SemiBold.ttf in Resources */,
				61810FF92B84632C00F62C21 /* Poppins-SemiBoldItalic.ttf in Resources */,
				617D1DFA2B846B1E00A1B30A /* Assets.xcassets in Resources */,
				61810FF62B84632C00F62C21 /* Poppins-BoldItalic.ttf in Resources */,
				61810FF72B84632C00F62C21 /* Poppins-Regular.ttf in Resources */,
			);
			runOnlyForDeploymentPostprocessing = 0;
		};
		618890372B8308D900A4BC2A /* Resources */ = {
			isa = PBXResourcesBuildPhase;
			buildActionMask = 2147483647;
			files = (
			);
			runOnlyForDeploymentPostprocessing = 0;
		};
/* End PBXResourcesBuildPhase section */

/* Begin PBXSourcesBuildPhase section */
		6188902B2B8308D800A4BC2A /* Sources */ = {
			isa = PBXSourcesBuildPhase;
			buildActionMask = 2147483647;
			files = (
				61CE69DD2B86F77600AB83D7 /* BaseSpacer.swift in Sources */,
				61CE69AB2B86B37000AB83D7 /* WithSymbol.swift in Sources */,
				61CE69B42B86EF7300AB83D7 /* CentralItemView.swift in Sources */,
				61CE69E42B8703BF00AB83D7 /* BaseSplitView.swift in Sources */,
				61CE69DF2B86FC3600AB83D7 /* BaseSidebar.swift in Sources */,
				61CE69E12B87005A00AB83D7 /* BaseHStack.swift in Sources */,
				61CE69B02B86ED5600AB83D7 /* BaseContentView.swift in Sources */,
				61CE69A92B86B35200AB83D7 /* WithLabelColorScheme.swift in Sources */,
				61CE69A72B86B33400AB83D7 /* WithTextStyle.swift in Sources */,
				617D1E052B8476C400A1B30A /* View+ViewModifiers.swift in Sources */,
				61F606B02B845866007B8EB3 /* Font+Ext.swift in Sources */,
				61CE69DB2B86F56500AB83D7 /* BaseSection.swift in Sources */,
				617D1E032B84761600A1B30A /* BaseButton.swift in Sources */,
				61F606D92B845CEE007B8EB3 /* BaseLabel.swift in Sources */,
				61CE69B22B86EE2E00AB83D7 /* BaseImageView.swift in Sources */,
				61CE69A42B86B1DD00AB83D7 /* Image+Ext.swift in Sources */,
				618890342B8308D800A4BC2A /* Heimdall_Kit.docc in Sources */,
			);
			runOnlyForDeploymentPostprocessing = 0;
		};
		618890352B8308D900A4BC2A /* Sources */ = {
			isa = PBXSourcesBuildPhase;
			buildActionMask = 2147483647;
			files = (
				6188903F2B8308D900A4BC2A /* Heimdall_KitTests.swift in Sources */,
			);
			runOnlyForDeploymentPostprocessing = 0;
		};
/* End PBXSourcesBuildPhase section */

/* Begin PBXTargetDependency section */
		6188903C2B8308D900A4BC2A /* PBXTargetDependency */ = {
			isa = PBXTargetDependency;
			target = 6188902E2B8308D800A4BC2A /* Heimdall-Kit */;
			targetProxy = 6188903B2B8308D900A4BC2A /* PBXContainerItemProxy */;
		};
/* End PBXTargetDependency section */

/* Begin XCBuildConfiguration section */
		618890412B8308D900A4BC2A /* Debug */ = {
			isa = XCBuildConfiguration;
			buildSettings = {
				ALWAYS_SEARCH_USER_PATHS = NO;
				ASSETCATALOG_COMPILER_GENERATE_SWIFT_ASSET_SYMBOL_EXTENSIONS = YES;
				CLANG_ANALYZER_NONNULL = YES;
				CLANG_ANALYZER_NUMBER_OBJECT_CONVERSION = YES_AGGRESSIVE;
				CLANG_CXX_LANGUAGE_STANDARD = "gnu++20";
				CLANG_ENABLE_MODULES = YES;
				CLANG_ENABLE_OBJC_ARC = YES;
				CLANG_ENABLE_OBJC_WEAK = YES;
				CLANG_WARN_BLOCK_CAPTURE_AUTORELEASING = YES;
				CLANG_WARN_BOOL_CONVERSION = YES;
				CLANG_WARN_COMMA = YES;
				CLANG_WARN_CONSTANT_CONVERSION = YES;
				CLANG_WARN_DEPRECATED_OBJC_IMPLEMENTATIONS = YES;
				CLANG_WARN_DIRECT_OBJC_ISA_USAGE = YES_ERROR;
				CLANG_WARN_DOCUMENTATION_COMMENTS = YES;
				CLANG_WARN_EMPTY_BODY = YES;
				CLANG_WARN_ENUM_CONVERSION = YES;
				CLANG_WARN_INFINITE_RECURSION = YES;
				CLANG_WARN_INT_CONVERSION = YES;
				CLANG_WARN_NON_LITERAL_NULL_CONVERSION = YES;
				CLANG_WARN_OBJC_IMPLICIT_RETAIN_SELF = YES;
				CLANG_WARN_OBJC_LITERAL_CONVERSION = YES;
				CLANG_WARN_OBJC_ROOT_CLASS = YES_ERROR;
				CLANG_WARN_QUOTED_INCLUDE_IN_FRAMEWORK_HEADER = YES;
				CLANG_WARN_RANGE_LOOP_ANALYSIS = YES;
				CLANG_WARN_STRICT_PROTOTYPES = YES;
				CLANG_WARN_SUSPICIOUS_MOVE = YES;
				CLANG_WARN_UNGUARDED_AVAILABILITY = YES_AGGRESSIVE;
				CLANG_WARN_UNREACHABLE_CODE = YES;
				CLANG_WARN__DUPLICATE_METHOD_MATCH = YES;
				COPY_PHASE_STRIP = NO;
				CURRENT_PROJECT_VERSION = 1;
				DEBUG_INFORMATION_FORMAT = dwarf;
				ENABLE_STRICT_OBJC_MSGSEND = YES;
				ENABLE_TESTABILITY = YES;
				ENABLE_USER_SCRIPT_SANDBOXING = YES;
				GCC_C_LANGUAGE_STANDARD = gnu17;
				GCC_DYNAMIC_NO_PIC = NO;
				GCC_NO_COMMON_BLOCKS = YES;
				GCC_OPTIMIZATION_LEVEL = 0;
				GCC_PREPROCESSOR_DEFINITIONS = (
					"DEBUG=1",
					"$(inherited)",
				);
				GCC_WARN_64_TO_32_BIT_CONVERSION = YES;
				GCC_WARN_ABOUT_RETURN_TYPE = YES_ERROR;
				GCC_WARN_UNDECLARED_SELECTOR = YES;
				GCC_WARN_UNINITIALIZED_AUTOS = YES_AGGRESSIVE;
				GCC_WARN_UNUSED_FUNCTION = YES;
				GCC_WARN_UNUSED_VARIABLE = YES;
				IPHONEOS_DEPLOYMENT_TARGET = 16.0;
				LOCALIZATION_PREFERS_STRING_CATALOGS = YES;
				MACOSX_DEPLOYMENT_TARGET = 13.0;
				MTL_ENABLE_DEBUG_INFO = INCLUDE_SOURCE;
				MTL_FAST_MATH = YES;
				ONLY_ACTIVE_ARCH = YES;
				SWIFT_ACTIVE_COMPILATION_CONDITIONS = "DEBUG $(inherited)";
				SWIFT_OPTIMIZATION_LEVEL = "-Onone";
				VERSIONING_SYSTEM = "apple-generic";
				VERSION_INFO_PREFIX = "";
			};
			name = Debug;
		};
		618890422B8308D900A4BC2A /* Release */ = {
			isa = XCBuildConfiguration;
			buildSettings = {
				ALWAYS_SEARCH_USER_PATHS = NO;
				ASSETCATALOG_COMPILER_GENERATE_SWIFT_ASSET_SYMBOL_EXTENSIONS = YES;
				CLANG_ANALYZER_NONNULL = YES;
				CLANG_ANALYZER_NUMBER_OBJECT_CONVERSION = YES_AGGRESSIVE;
				CLANG_CXX_LANGUAGE_STANDARD = "gnu++20";
				CLANG_ENABLE_MODULES = YES;
				CLANG_ENABLE_OBJC_ARC = YES;
				CLANG_ENABLE_OBJC_WEAK = YES;
				CLANG_WARN_BLOCK_CAPTURE_AUTORELEASING = YES;
				CLANG_WARN_BOOL_CONVERSION = YES;
				CLANG_WARN_COMMA = YES;
				CLANG_WARN_CONSTANT_CONVERSION = YES;
				CLANG_WARN_DEPRECATED_OBJC_IMPLEMENTATIONS = YES;
				CLANG_WARN_DIRECT_OBJC_ISA_USAGE = YES_ERROR;
				CLANG_WARN_DOCUMENTATION_COMMENTS = YES;
				CLANG_WARN_EMPTY_BODY = YES;
				CLANG_WARN_ENUM_CONVERSION = YES;
				CLANG_WARN_INFINITE_RECURSION = YES;
				CLANG_WARN_INT_CONVERSION = YES;
				CLANG_WARN_NON_LITERAL_NULL_CONVERSION = YES;
				CLANG_WARN_OBJC_IMPLICIT_RETAIN_SELF = YES;
				CLANG_WARN_OBJC_LITERAL_CONVERSION = YES;
				CLANG_WARN_OBJC_ROOT_CLASS = YES_ERROR;
				CLANG_WARN_QUOTED_INCLUDE_IN_FRAMEWORK_HEADER = YES;
				CLANG_WARN_RANGE_LOOP_ANALYSIS = YES;
				CLANG_WARN_STRICT_PROTOTYPES = YES;
				CLANG_WARN_SUSPICIOUS_MOVE = YES;
				CLANG_WARN_UNGUARDED_AVAILABILITY = YES_AGGRESSIVE;
				CLANG_WARN_UNREACHABLE_CODE = YES;
				CLANG_WARN__DUPLICATE_METHOD_MATCH = YES;
				COPY_PHASE_STRIP = NO;
				CURRENT_PROJECT_VERSION = 1;
				DEBUG_INFORMATION_FORMAT = "dwarf-with-dsym";
				ENABLE_NS_ASSERTIONS = NO;
				ENABLE_STRICT_OBJC_MSGSEND = YES;
				ENABLE_USER_SCRIPT_SANDBOXING = YES;
				GCC_C_LANGUAGE_STANDARD = gnu17;
				GCC_NO_COMMON_BLOCKS = YES;
				GCC_WARN_64_TO_32_BIT_CONVERSION = YES;
				GCC_WARN_ABOUT_RETURN_TYPE = YES_ERROR;
				GCC_WARN_UNDECLARED_SELECTOR = YES;
				GCC_WARN_UNINITIALIZED_AUTOS = YES_AGGRESSIVE;
				GCC_WARN_UNUSED_FUNCTION = YES;
				GCC_WARN_UNUSED_VARIABLE = YES;
				IPHONEOS_DEPLOYMENT_TARGET = 16.0;
				LOCALIZATION_PREFERS_STRING_CATALOGS = YES;
				MACOSX_DEPLOYMENT_TARGET = 13.0;
				MTL_ENABLE_DEBUG_INFO = NO;
				MTL_FAST_MATH = YES;
				SWIFT_COMPILATION_MODE = wholemodule;
				VERSIONING_SYSTEM = "apple-generic";
				VERSION_INFO_PREFIX = "";
			};
			name = Release;
		};
		618890442B8308D900A4BC2A /* Debug */ = {
			isa = XCBuildConfiguration;
			buildSettings = {
				CODE_SIGN_STYLE = Automatic;
				CURRENT_PROJECT_VERSION = 1;
				DEFINES_MODULE = YES;
				DEVELOPMENT_TEAM = Y7A8MFWTQP;
				DYLIB_COMPATIBILITY_VERSION = 1;
				DYLIB_CURRENT_VERSION = 1;
				DYLIB_INSTALL_NAME_BASE = "@rpath";
				ENABLE_MODULE_VERIFIER = YES;
				GENERATE_INFOPLIST_FILE = YES;
				INFOPLIST_KEY_NSHumanReadableCopyright = "";
				INSTALL_PATH = "$(LOCAL_LIBRARY_DIR)/Frameworks";
				IPHONEOS_DEPLOYMENT_TARGET = 16.0;
				LD_RUNPATH_SEARCH_PATHS = (
					"@executable_path/Frameworks",
					"@loader_path/Frameworks",
				);
				"LD_RUNPATH_SEARCH_PATHS[sdk=macosx*]" = (
					"@executable_path/../Frameworks",
					"@loader_path/Frameworks",
				);
				MACOSX_DEPLOYMENT_TARGET = 13.0;
				MARKETING_VERSION = 1.0;
				MODULE_VERIFIER_SUPPORTED_LANGUAGES = "objective-c objective-c++";
				MODULE_VERIFIER_SUPPORTED_LANGUAGE_STANDARDS = "gnu17 gnu++20";
				PRODUCT_BUNDLE_IDENTIFIER = "shadudiix.com.Heimdall-Kit";
				PRODUCT_NAME = "$(TARGET_NAME:c99extidentifier)";
				SDKROOT = auto;
				SKIP_INSTALL = YES;
				SUPPORTED_PLATFORMS = macosx;
				SUPPORTS_MACCATALYST = NO;
				SWIFT_EMIT_LOC_STRINGS = YES;
				SWIFT_VERSION = 5.0;
			};
			name = Debug;
		};
		618890452B8308D900A4BC2A /* Release */ = {
			isa = XCBuildConfiguration;
			buildSettings = {
				CODE_SIGN_STYLE = Automatic;
				CURRENT_PROJECT_VERSION = 1;
				DEFINES_MODULE = YES;
				DEVELOPMENT_TEAM = Y7A8MFWTQP;
				DYLIB_COMPATIBILITY_VERSION = 1;
				DYLIB_CURRENT_VERSION = 1;
				DYLIB_INSTALL_NAME_BASE = "@rpath";
				ENABLE_MODULE_VERIFIER = YES;
				GENERATE_INFOPLIST_FILE = YES;
				INFOPLIST_KEY_NSHumanReadableCopyright = "";
				INSTALL_PATH = "$(LOCAL_LIBRARY_DIR)/Frameworks";
				IPHONEOS_DEPLOYMENT_TARGET = 16.0;
				LD_RUNPATH_SEARCH_PATHS = (
					"@executable_path/Frameworks",
					"@loader_path/Frameworks",
				);
				"LD_RUNPATH_SEARCH_PATHS[sdk=macosx*]" = (
					"@executable_path/../Frameworks",
					"@loader_path/Frameworks",
				);
				MACOSX_DEPLOYMENT_TARGET = 13.0;
				MARKETING_VERSION = 1.0;
				MODULE_VERIFIER_SUPPORTED_LANGUAGES = "objective-c objective-c++";
				MODULE_VERIFIER_SUPPORTED_LANGUAGE_STANDARDS = "gnu17 gnu++20";
				PRODUCT_BUNDLE_IDENTIFIER = "shadudiix.com.Heimdall-Kit";
				PRODUCT_NAME = "$(TARGET_NAME:c99extidentifier)";
				SDKROOT = auto;
				SKIP_INSTALL = YES;
				SUPPORTED_PLATFORMS = macosx;
				SUPPORTS_MACCATALYST = NO;
				SWIFT_EMIT_LOC_STRINGS = YES;
				SWIFT_VERSION = 5.0;
			};
			name = Release;
		};
		618890472B8308D900A4BC2A /* Debug */ = {
			isa = XCBuildConfiguration;
			buildSettings = {
				ALWAYS_EMBED_SWIFT_STANDARD_LIBRARIES = YES;
				CODE_SIGN_STYLE = Automatic;
				CURRENT_PROJECT_VERSION = 1;
				DEVELOPMENT_TEAM = Y7A8MFWTQP;
				GENERATE_INFOPLIST_FILE = YES;
				IPHONEOS_DEPLOYMENT_TARGET = 16.0;
				MACOSX_DEPLOYMENT_TARGET = 13.0;
				MARKETING_VERSION = 1.0;
				PRODUCT_BUNDLE_IDENTIFIER = "shadudiix.com.Heimdall-KitTests";
				PRODUCT_NAME = "$(TARGET_NAME)";
				SDKROOT = auto;
				SUPPORTED_PLATFORMS = "iphoneos iphonesimulator macosx";
				SWIFT_EMIT_LOC_STRINGS = NO;
				SWIFT_VERSION = 5.0;
				TARGETED_DEVICE_FAMILY = "1,2";
			};
			name = Debug;
		};
		618890482B8308D900A4BC2A /* Release */ = {
			isa = XCBuildConfiguration;
			buildSettings = {
				ALWAYS_EMBED_SWIFT_STANDARD_LIBRARIES = YES;
				CODE_SIGN_STYLE = Automatic;
				CURRENT_PROJECT_VERSION = 1;
				DEVELOPMENT_TEAM = Y7A8MFWTQP;
				GENERATE_INFOPLIST_FILE = YES;
				IPHONEOS_DEPLOYMENT_TARGET = 16.0;
				MACOSX_DEPLOYMENT_TARGET = 13.0;
				MARKETING_VERSION = 1.0;
				PRODUCT_BUNDLE_IDENTIFIER = "shadudiix.com.Heimdall-KitTests";
				PRODUCT_NAME = "$(TARGET_NAME)";
				SDKROOT = auto;
				SUPPORTED_PLATFORMS = "iphoneos iphonesimulator macosx";
				SWIFT_EMIT_LOC_STRINGS = NO;
				SWIFT_VERSION = 5.0;
				TARGETED_DEVICE_FAMILY = "1,2";
			};
			name = Release;
		};
/* End XCBuildConfiguration section */

/* Begin XCConfigurationList section */
		618890292B8308D800A4BC2A /* Build configuration list for PBXProject "Heimdall-Kit" */ = {
			isa = XCConfigurationList;
			buildConfigurations = (
				618890412B8308D900A4BC2A /* Debug */,
				618890422B8308D900A4BC2A /* Release */,
			);
			defaultConfigurationIsVisible = 0;
			defaultConfigurationName = Release;
		};
		618890432B8308D900A4BC2A /* Build configuration list for PBXNativeTarget "Heimdall-Kit" */ = {
			isa = XCConfigurationList;
			buildConfigurations = (
				618890442B8308D900A4BC2A /* Debug */,
				618890452B8308D900A4BC2A /* Release */,
			);
			defaultConfigurationIsVisible = 0;
			defaultConfigurationName = Release;
		};
		618890462B8308D900A4BC2A /* Build configuration list for PBXNativeTarget "Heimdall-KitTests" */ = {
			isa = XCConfigurationList;
			buildConfigurations = (
				618890472B8308D900A4BC2A /* Debug */,
				618890482B8308D900A4BC2A /* Release */,
			);
			defaultConfigurationIsVisible = 0;
			defaultConfigurationName = Release;
		};
/* End XCConfigurationList section */
	};
	rootObject = 618890262B8308D800A4BC2A /* Project object */;
}
